
Microsoft Visual Studio Solution File, Format Version 12.00
# Visual Studio Version 17
VisualStudioVersion = 17.6.33815.320
MinimumVisualStudioVersion = 10.0.40219.1
Project("{FAE04EC0-301F-11D3-BF4B-00C04F79EFBC}") = "Do An Tin Hoc", "Do An Tin Hoc\Do An Tin Hoc.csproj", "{988B3FC7-2B63-49C9-9927-8625F35DE6E1}"
EndProject
Global
	GlobalSection(SolutionConfigurationPlatforms) = preSolution
		Debug|Any CPU = Debug|Any CPU
		Release|Any CPU = Release|Any CPU
	EndGlobalSection
	GlobalSection(ProjectConfigurationPlatforms) = postSolution
		{988B3FC7-2B63-49C9-9927-8625F35DE6E1}.Debug|Any CPU.ActiveCfg = Debug|Any CPU
		{988B3FC7-2B63-49C9-9927-8625F35DE6E1}.Debug|Any CPU.Build.0 = Debug|Any CPU
		{988B3FC7-2B63-49C9-9927-8625F35DE6E1}.Release|Any CPU.ActiveCfg = Release|Any CPU
		{988B3FC7-2B63-49C9-9927-8625F35DE6E1}.Release|Any CPU.Build.0 = Release|Any CPU
	EndGlobalSection
	GlobalSection(SolutionProperties) = preSolution
		HideSolutionNode = FALSE
	EndGlobalSection
	GlobalSection(ExtensibilityGlobals) = postSolution
		SolutionGuid = {0F209809-4219-4F6B-97C0-A854E9006F51}
	EndGlobalSection
EndGlobal
